
Microsoft Visual Studio Solution File, Format Version 12.00
# Visual Studio Version 17
VisualStudioVersion = 17.8.34330.188
MinimumVisualStudioVersion = 10.0.40219.1
Project("{FAE04EC0-301F-11D3-BF4B-00C04F79EFBC}") = "WebApplication1", "WebApplication1.csproj", "{F470711F-6189-4E6B-9A49-FB9071F93E76}"
EndProject
Global
	GlobalSection(SolutionConfigurationPlatforms) = preSolution
		Debug|Any CPU = Debug|Any CPU
		Release|Any CPU = Release|Any CPU
	EndGlobalSection
	GlobalSection(ProjectConfigurationPlatforms) = postSolution
		{F470711F-6189-4E6B-9A49-FB9071F93E76}.Debug|Any CPU.ActiveCfg = Debug|Any CPU
		{F470711F-6189-4E6B-9A49-FB9071F93E76}.Debug|Any CPU.Build.0 = Debug|Any CPU
		{F470711F-6189-4E6B-9A49-FB9071F93E76}.Release|Any CPU.ActiveCfg = Release|Any CPU
		{F470711F-6189-4E6B-9A49-FB9071F93E76}.Release|Any CPU.Build.0 = Release|Any CPU
	EndGlobalSection
	GlobalSection(SolutionProperties) = preSolution
		HideSolutionNode = FALSE
	EndGlobalSection
	GlobalSection(ExtensibilityGlobals) = postSolution
		SolutionGuid = {9A23A24A-6507-4845-ACE6-1097B2C939B6}
	EndGlobalSection
EndGlobal
