
Microsoft Visual Studio Solution File, Format Version 12.00
# Visual Studio Version 17
VisualStudioVersion = 17.8.34330.188
MinimumVisualStudioVersion = 10.0.40219.1
Project("{9A19103F-16F7-4668-BE54-9A1E7A4F7556}") = "ConsoleApp1", "ConsoleApp1.csproj", "{D59FC7A9-C042-423B-94C8-52F637D7FDEA}"
EndProject
Project("{FAE04EC0-301F-11D3-BF4B-00C04F79EFBC}") = "WinFormsApp1", "..\WinFormsApp1\WinFormsApp1.csproj", "{182AFA78-7F72-4B83-ADF0-1914A5562479}"
EndProject
Global
	GlobalSection(SolutionConfigurationPlatforms) = preSolution
		Debug|Any CPU = Debug|Any CPU
		Release|Any CPU = Release|Any CPU
	EndGlobalSection
	GlobalSection(ProjectConfigurationPlatforms) = postSolution
		{D59FC7A9-C042-423B-94C8-52F637D7FDEA}.Debug|Any CPU.ActiveCfg = Debug|Any CPU
		{D59FC7A9-C042-423B-94C8-52F637D7FDEA}.Debug|Any CPU.Build.0 = Debug|Any CPU
		{D59FC7A9-C042-423B-94C8-52F637D7FDEA}.Release|Any CPU.ActiveCfg = Release|Any CPU
		{D59FC7A9-C042-423B-94C8-52F637D7FDEA}.Release|Any CPU.Build.0 = Release|Any CPU
		{182AFA78-7F72-4B83-ADF0-1914A5562479}.Debug|Any CPU.ActiveCfg = Debug|Any CPU
		{182AFA78-7F72-4B83-ADF0-1914A5562479}.Debug|Any CPU.Build.0 = Debug|Any CPU
		{182AFA78-7F72-4B83-ADF0-1914A5562479}.Release|Any CPU.ActiveCfg = Release|Any CPU
		{182AFA78-7F72-4B83-ADF0-1914A5562479}.Release|Any CPU.Build.0 = Release|Any CPU
	EndGlobalSection
	GlobalSection(SolutionProperties) = preSolution
		HideSolutionNode = FALSE
	EndGlobalSection
	GlobalSection(ExtensibilityGlobals) = postSolution
		SolutionGuid = {6BC327DB-32F9-4E6C-8D37-B37762D79E0B}
	EndGlobalSection
EndGlobal
