
Microsoft Visual Studio Solution File, Format Version 12.00
# Visual Studio Version 17
VisualStudioVersion = 17.8.34330.188
MinimumVisualStudioVersion = 10.0.40219.1
Project("{FAE04EC0-301F-11D3-BF4B-00C04F79EFBC}") = "PrimerApp", "PrimerApp.csproj", "{66FF1B9C-C624-4AD4-BD17-4B774BE866C3}"
EndProject
Global
	GlobalSection(SolutionConfigurationPlatforms) = preSolution
		Debug|Any CPU = Debug|Any CPU
		Release|Any CPU = Release|Any CPU
	EndGlobalSection
	GlobalSection(ProjectConfigurationPlatforms) = postSolution
		{66FF1B9C-C624-4AD4-BD17-4B774BE866C3}.Debug|Any CPU.ActiveCfg = Debug|Any CPU
		{66FF1B9C-C624-4AD4-BD17-4B774BE866C3}.Debug|Any CPU.Build.0 = Debug|Any CPU
		{66FF1B9C-C624-4AD4-BD17-4B774BE866C3}.Release|Any CPU.ActiveCfg = Release|Any CPU
		{66FF1B9C-C624-4AD4-BD17-4B774BE866C3}.Release|Any CPU.Build.0 = Release|Any CPU
	EndGlobalSection
	GlobalSection(SolutionProperties) = preSolution
		HideSolutionNode = FALSE
	EndGlobalSection
	GlobalSection(ExtensibilityGlobals) = postSolution
		SolutionGuid = {03C1CCD0-D331-46A5-BFF4-ACA47992A30C}
	EndGlobalSection
EndGlobal
