
Microsoft Visual Studio Solution File, Format Version 12.00
# Visual Studio Version 17
VisualStudioVersion = 17.8.34330.188
MinimumVisualStudioVersion = 10.0.40219.1
Project("{FAE04EC0-301F-11D3-BF4B-00C04F79EFBC}") = "SistemaGestion", "SistemaGestion.csproj", "{1B2E1D8D-3A86-4F06-BB58-AE25184B8FA2}"
EndProject
Project("{FAE04EC0-301F-11D3-BF4B-00C04F79EFBC}") = "SistemaGestionData", "..\SistemaGestionData\SistemaGestionData.csproj", "{2B7231CF-7D1B-4146-A14D-F0F4A44641E7}"
EndProject
Project("{FAE04EC0-301F-11D3-BF4B-00C04F79EFBC}") = "SistemaGestionBussiness", "..\SistemaGestionBussiness\SistemaGestionBussiness.csproj", "{171A7C12-8428-46B5-8E80-1F38CC79F53B}"
EndProject
Project("{FAE04EC0-301F-11D3-BF4B-00C04F79EFBC}") = "SistemaGestionEntities", "..\SistemaGestionEntities\SistemaGestionEntities.csproj", "{982FCA72-B4A3-4BEE-8AB2-91006A92721A}"
EndProject
Global
	GlobalSection(SolutionConfigurationPlatforms) = preSolution
		Debug|Any CPU = Debug|Any CPU
		Release|Any CPU = Release|Any CPU
	EndGlobalSection
	GlobalSection(ProjectConfigurationPlatforms) = postSolution
		{1B2E1D8D-3A86-4F06-BB58-AE25184B8FA2}.Debug|Any CPU.ActiveCfg = Debug|Any CPU
		{1B2E1D8D-3A86-4F06-BB58-AE25184B8FA2}.Debug|Any CPU.Build.0 = Debug|Any CPU
		{1B2E1D8D-3A86-4F06-BB58-AE25184B8FA2}.Release|Any CPU.ActiveCfg = Release|Any CPU
		{1B2E1D8D-3A86-4F06-BB58-AE25184B8FA2}.Release|Any CPU.Build.0 = Release|Any CPU
		{2B7231CF-7D1B-4146-A14D-F0F4A44641E7}.Debug|Any CPU.ActiveCfg = Debug|Any CPU
		{2B7231CF-7D1B-4146-A14D-F0F4A44641E7}.Debug|Any CPU.Build.0 = Debug|Any CPU
		{2B7231CF-7D1B-4146-A14D-F0F4A44641E7}.Release|Any CPU.ActiveCfg = Release|Any CPU
		{2B7231CF-7D1B-4146-A14D-F0F4A44641E7}.Release|Any CPU.Build.0 = Release|Any CPU
		{171A7C12-8428-46B5-8E80-1F38CC79F53B}.Debug|Any CPU.ActiveCfg = Debug|Any CPU
		{171A7C12-8428-46B5-8E80-1F38CC79F53B}.Debug|Any CPU.Build.0 = Debug|Any CPU
		{171A7C12-8428-46B5-8E80-1F38CC79F53B}.Release|Any CPU.ActiveCfg = Release|Any CPU
		{171A7C12-8428-46B5-8E80-1F38CC79F53B}.Release|Any CPU.Build.0 = Release|Any CPU
		{982FCA72-B4A3-4BEE-8AB2-91006A92721A}.Debug|Any CPU.ActiveCfg = Debug|Any CPU
		{982FCA72-B4A3-4BEE-8AB2-91006A92721A}.Debug|Any CPU.Build.0 = Debug|Any CPU
		{982FCA72-B4A3-4BEE-8AB2-91006A92721A}.Release|Any CPU.ActiveCfg = Release|Any CPU
		{982FCA72-B4A3-4BEE-8AB2-91006A92721A}.Release|Any CPU.Build.0 = Release|Any CPU
	EndGlobalSection
	GlobalSection(SolutionProperties) = preSolution
		HideSolutionNode = FALSE
	EndGlobalSection
	GlobalSection(ExtensibilityGlobals) = postSolution
		SolutionGuid = {115F172B-0009-47BF-B90C-B8A3BF4BFDAD}
	EndGlobalSection
EndGlobal
