
Microsoft Visual Studio Solution File, Format Version 12.00
# Visual Studio Version 17
VisualStudioVersion = 17.8.34330.188
MinimumVisualStudioVersion = 10.0.40219.1
Project("{FAE04EC0-301F-11D3-BF4B-00C04F79EFBC}") = "App1", "App1.csproj", "{10548D7C-0FAF-4C99-9D49-13EB9DA31AA4}"
EndProject
Project("{FAE04EC0-301F-11D3-BF4B-00C04F79EFBC}") = "App2", "..\App2\App2.csproj", "{1844DB37-A796-4043-AE16-A9B6B8C40E12}"
EndProject
Global
	GlobalSection(SolutionConfigurationPlatforms) = preSolution
		Debug|Any CPU = Debug|Any CPU
		Release|Any CPU = Release|Any CPU
	EndGlobalSection
	GlobalSection(ProjectConfigurationPlatforms) = postSolution
		{10548D7C-0FAF-4C99-9D49-13EB9DA31AA4}.Debug|Any CPU.ActiveCfg = Debug|Any CPU
		{10548D7C-0FAF-4C99-9D49-13EB9DA31AA4}.Debug|Any CPU.Build.0 = Debug|Any CPU
		{10548D7C-0FAF-4C99-9D49-13EB9DA31AA4}.Release|Any CPU.ActiveCfg = Release|Any CPU
		{10548D7C-0FAF-4C99-9D49-13EB9DA31AA4}.Release|Any CPU.Build.0 = Release|Any CPU
		{1844DB37-A796-4043-AE16-A9B6B8C40E12}.Debug|Any CPU.ActiveCfg = Debug|Any CPU
		{1844DB37-A796-4043-AE16-A9B6B8C40E12}.Debug|Any CPU.Build.0 = Debug|Any CPU
		{1844DB37-A796-4043-AE16-A9B6B8C40E12}.Release|Any CPU.ActiveCfg = Release|Any CPU
		{1844DB37-A796-4043-AE16-A9B6B8C40E12}.Release|Any CPU.Build.0 = Release|Any CPU
	EndGlobalSection
	GlobalSection(SolutionProperties) = preSolution
		HideSolutionNode = FALSE
	EndGlobalSection
	GlobalSection(ExtensibilityGlobals) = postSolution
		SolutionGuid = {E2A55C63-2AFF-4F26-B023-8CA8819DA76A}
	EndGlobalSection
EndGlobal
