
Microsoft Visual Studio Solution File, Format Version 12.00
# Visual Studio Version 17
VisualStudioVersion = 17.8.34330.188
MinimumVisualStudioVersion = 10.0.40219.1
Project("{FAE04EC0-301F-11D3-BF4B-00C04F79EFBC}") = "App1", "App1.csproj", "{60B9BC62-EB67-447C-B0D3-753FC442A5CE}"
EndProject
Global
	GlobalSection(SolutionConfigurationPlatforms) = preSolution
		Debug|Any CPU = Debug|Any CPU
		Release|Any CPU = Release|Any CPU
	EndGlobalSection
	GlobalSection(ProjectConfigurationPlatforms) = postSolution
		{60B9BC62-EB67-447C-B0D3-753FC442A5CE}.Debug|Any CPU.ActiveCfg = Debug|Any CPU
		{60B9BC62-EB67-447C-B0D3-753FC442A5CE}.Debug|Any CPU.Build.0 = Debug|Any CPU
		{60B9BC62-EB67-447C-B0D3-753FC442A5CE}.Release|Any CPU.ActiveCfg = Release|Any CPU
		{60B9BC62-EB67-447C-B0D3-753FC442A5CE}.Release|Any CPU.Build.0 = Release|Any CPU
	EndGlobalSection
	GlobalSection(SolutionProperties) = preSolution
		HideSolutionNode = FALSE
	EndGlobalSection
	GlobalSection(ExtensibilityGlobals) = postSolution
		SolutionGuid = {2AE4FF4E-3B8F-4735-A9A1-CD3B66FB3160}
	EndGlobalSection
EndGlobal
