
Microsoft Visual Studio Solution File, Format Version 12.00
# Visual Studio Version 17
VisualStudioVersion = 17.8.34330.188
MinimumVisualStudioVersion = 10.0.40219.1
Project("{FAE04EC0-301F-11D3-BF4B-00C04F79EFBC}") = "WinFormsApp2", "WinFormsApp2.csproj", "{A19F9C02-0062-4945-8767-AC82A58EB0C4}"
EndProject
Global
	GlobalSection(SolutionConfigurationPlatforms) = preSolution
		Debug|Any CPU = Debug|Any CPU
		Release|Any CPU = Release|Any CPU
	EndGlobalSection
	GlobalSection(ProjectConfigurationPlatforms) = postSolution
		{A19F9C02-0062-4945-8767-AC82A58EB0C4}.Debug|Any CPU.ActiveCfg = Debug|Any CPU
		{A19F9C02-0062-4945-8767-AC82A58EB0C4}.Debug|Any CPU.Build.0 = Debug|Any CPU
		{A19F9C02-0062-4945-8767-AC82A58EB0C4}.Release|Any CPU.ActiveCfg = Release|Any CPU
		{A19F9C02-0062-4945-8767-AC82A58EB0C4}.Release|Any CPU.Build.0 = Release|Any CPU
	EndGlobalSection
	GlobalSection(SolutionProperties) = preSolution
		HideSolutionNode = FALSE
	EndGlobalSection
	GlobalSection(ExtensibilityGlobals) = postSolution
		SolutionGuid = {64398EF7-B839-4353-8D21-11CE6FCE049A}
	EndGlobalSection
EndGlobal
